
Microsoft Visual Studio Solution File, Format Version 12.00
# Visual Studio 15
VisualStudioVersion = 15.0.28307.136
MinimumVisualStudioVersion = 10.0.40219.1
Project("{FAE04EC0-301F-11D3-BF4B-00C04F79EFBC}") = "HairSalonManager", "HairSalonManager\HairSalonManager.csproj", "{724057F6-DDAE-4E98-86E7-60F7A5DFACC6}"
EndProject
Project("{2150E333-8FDC-42A3-9474-1A3956D46DE8}") = "Model", "Model", "{F8E8E47C-3E8D-4D48-904C-6F7E50184A1A}"
EndProject
Project("{2150E333-8FDC-42A3-9474-1A3956D46DE8}") = "View", "View", "{4264CB75-7650-4561-B155-E2032F14F235}"
EndProject
Project("{2150E333-8FDC-42A3-9474-1A3956D46DE8}") = "ViewModel", "ViewModel", "{60B56992-53EB-4126-A379-60F49B53C3F1}"
EndProject
Global
	GlobalSection(SolutionConfigurationPlatforms) = preSolution
		Debug|Any CPU = Debug|Any CPU
		Release|Any CPU = Release|Any CPU
	EndGlobalSection
	GlobalSection(ProjectConfigurationPlatforms) = postSolution
		{724057F6-DDAE-4E98-86E7-60F7A5DFACC6}.Debug|Any CPU.ActiveCfg = Debug|Any CPU
		{724057F6-DDAE-4E98-86E7-60F7A5DFACC6}.Debug|Any CPU.Build.0 = Debug|Any CPU
		{724057F6-DDAE-4E98-86E7-60F7A5DFACC6}.Release|Any CPU.ActiveCfg = Release|Any CPU
		{724057F6-DDAE-4E98-86E7-60F7A5DFACC6}.Release|Any CPU.Build.0 = Release|Any CPU
	EndGlobalSection
	GlobalSection(SolutionProperties) = preSolution
		HideSolutionNode = FALSE
	EndGlobalSection
	GlobalSection(ExtensibilityGlobals) = postSolution
		SolutionGuid = {CD6A777D-C02C-4DE0-99CC-16235E046F54}
	EndGlobalSection
EndGlobal
